
Microsoft Visual Studio Solution File, Format Version 12.00
# Visual Studio Version 16
VisualStudioVersion = 16.0.30413.136
MinimumVisualStudioVersion = 10.0.40219.1
Project("{FAE04EC0-301F-11D3-BF4B-00C04F79EFBC}") = "RouletteGame", "RouletteGame\RouletteGame.csproj", "{53A0D7C9-FED9-4FBE-94F5-EAEA225EBAA2}"
EndProject
Global
	GlobalSection(SolutionConfigurationPlatforms) = preSolution
		Debug|Any CPU = Debug|Any CPU
		Release|Any CPU = Release|Any CPU
	EndGlobalSection
	GlobalSection(ProjectConfigurationPlatforms) = postSolution
		{53A0D7C9-FED9-4FBE-94F5-EAEA225EBAA2}.Debug|Any CPU.ActiveCfg = Debug|Any CPU
		{53A0D7C9-FED9-4FBE-94F5-EAEA225EBAA2}.Debug|Any CPU.Build.0 = Debug|Any CPU
		{53A0D7C9-FED9-4FBE-94F5-EAEA225EBAA2}.Release|Any CPU.ActiveCfg = Release|Any CPU
		{53A0D7C9-FED9-4FBE-94F5-EAEA225EBAA2}.Release|Any CPU.Build.0 = Release|Any CPU
	EndGlobalSection
	GlobalSection(SolutionProperties) = preSolution
		HideSolutionNode = FALSE
	EndGlobalSection
	GlobalSection(ExtensibilityGlobals) = postSolution
		SolutionGuid = {5718D224-60C8-4459-8F2B-BFBCB4A32533}
	EndGlobalSection
EndGlobal
